// !$*UTF8*$!
{
	archiveVersion = 1;
	classes = {
	};
	objectVersion = 48;
	objects = {

/* Begin PBXBuildFile section */
		070390E41F92668B00D29F8F /* KSOFileMagic.h in Headers */ = {isa = PBXBuildFile; fileRef = 070390E21F92668B00D29F8F /* KSOFileMagic.h */; settings = {ATTRIBUTES = (Public, ); }; };
		070390EC1F9268F100D29F8F /* Stanley.framework in Frameworks */ = {isa = PBXBuildFile; fileRef = 070390ED1F9268F100D29F8F /* Stanley.framework */; };
		0703914D1F927C1800D29F8F /* magic.mgc in Resources */ = {isa = PBXBuildFile; fileRef = 0703914C1F927C1800D29F8F /* magic.mgc */; };
		070391761F927C9500D29F8F /* apprentice.c in Sources */ = {isa = PBXBuildFile; fileRef = 0703914E1F927C9500D29F8F /* apprentice.c */; };
		070391771F927C9500D29F8F /* apptype.c in Sources */ = {isa = PBXBuildFile; fileRef = 0703914F1F927C9500D29F8F /* apptype.c */; };
		070391781F927C9500D29F8F /* ascmagic.c in Sources */ = {isa = PBXBuildFile; fileRef = 070391501F927C9500D29F8F /* ascmagic.c */; };
		070391791F927C9500D29F8F /* asctime_r.c in Sources */ = {isa = PBXBuildFile; fileRef = 070391511F927C9500D29F8F /* asctime_r.c */; };
		0703917A1F927C9500D29F8F /* asprintf.c in Sources */ = {isa = PBXBuildFile; fileRef = 070391521F927C9500D29F8F /* asprintf.c */; };
		0703917B1F927C9500D29F8F /* cdf_time.c in Sources */ = {isa = PBXBuildFile; fileRef = 070391531F927C9500D29F8F /* cdf_time.c */; };
		0703917C1F927C9500D29F8F /* cdf.c in Sources */ = {isa = PBXBuildFile; fileRef = 070391541F927C9500D29F8F /* cdf.c */; };
		0703917D1F927C9500D29F8F /* cdf.h in Headers */ = {isa = PBXBuildFile; fileRef = 070391551F927C9500D29F8F /* cdf.h */; };
		0703917E1F927C9500D29F8F /* compress.c in Sources */ = {isa = PBXBuildFile; fileRef = 070391561F927C9500D29F8F /* compress.c */; };
		0703917F1F927C9500D29F8F /* ctime_r.c in Sources */ = {isa = PBXBuildFile; fileRef = 070391571F927C9500D29F8F /* ctime_r.c */; };
		070391801F927C9500D29F8F /* der.c in Sources */ = {isa = PBXBuildFile; fileRef = 070391581F927C9500D29F8F /* der.c */; };
		070391811F927C9500D29F8F /* der.h in Headers */ = {isa = PBXBuildFile; fileRef = 070391591F927C9500D29F8F /* der.h */; };
		070391821F927C9500D29F8F /* dprintf.c in Sources */ = {isa = PBXBuildFile; fileRef = 0703915A1F927C9500D29F8F /* dprintf.c */; };
		070391831F927C9500D29F8F /* elfclass.h in Headers */ = {isa = PBXBuildFile; fileRef = 0703915B1F927C9500D29F8F /* elfclass.h */; };
		070391841F927C9500D29F8F /* encoding.c in Sources */ = {isa = PBXBuildFile; fileRef = 0703915C1F927C9500D29F8F /* encoding.c */; };
		070391851F927C9500D29F8F /* file_opts.h in Headers */ = {isa = PBXBuildFile; fileRef = 0703915D1F927C9500D29F8F /* file_opts.h */; };
		070391861F927C9500D29F8F /* file.c in Sources */ = {isa = PBXBuildFile; fileRef = 0703915E1F927C9500D29F8F /* file.c */; };
		070391871F927C9500D29F8F /* file.h in Headers */ = {isa = PBXBuildFile; fileRef = 0703915F1F927C9500D29F8F /* file.h */; };
		070391881F927C9500D29F8F /* fmtcheck.c in Sources */ = {isa = PBXBuildFile; fileRef = 070391601F927C9500D29F8F /* fmtcheck.c */; };
		070391891F927C9500D29F8F /* fsmagic.c in Sources */ = {isa = PBXBuildFile; fileRef = 070391611F927C9500D29F8F /* fsmagic.c */; };
		0703918A1F927C9500D29F8F /* funcs.c in Sources */ = {isa = PBXBuildFile; fileRef = 070391621F927C9500D29F8F /* funcs.c */; };
		0703918B1F927C9500D29F8F /* getline.c in Sources */ = {isa = PBXBuildFile; fileRef = 070391631F927C9500D29F8F /* getline.c */; };
		0703918C1F927C9500D29F8F /* getopt_long.c in Sources */ = {isa = PBXBuildFile; fileRef = 070391641F927C9500D29F8F /* getopt_long.c */; };
		0703918D1F927C9500D29F8F /* gmtime_r.c in Sources */ = {isa = PBXBuildFile; fileRef = 070391651F927C9500D29F8F /* gmtime_r.c */; };
		0703918E1F927C9500D29F8F /* is_tar.c in Sources */ = {isa = PBXBuildFile; fileRef = 070391661F927C9500D29F8F /* is_tar.c */; };
		0703918F1F927C9500D29F8F /* localtime_r.c in Sources */ = {isa = PBXBuildFile; fileRef = 070391671F927C9500D29F8F /* localtime_r.c */; };
		070391901F927C9500D29F8F /* magic.c in Sources */ = {isa = PBXBuildFile; fileRef = 070391681F927C9500D29F8F /* magic.c */; };
		070391911F927C9500D29F8F /* magic.h in Headers */ = {isa = PBXBuildFile; fileRef = 070391691F927C9500D29F8F /* magic.h */; };
		070391921F927C9500D29F8F /* mygetopt.h in Headers */ = {isa = PBXBuildFile; fileRef = 0703916A1F927C9500D29F8F /* mygetopt.h */; };
		070391931F927C9500D29F8F /* pread.c in Sources */ = {isa = PBXBuildFile; fileRef = 0703916B1F927C9500D29F8F /* pread.c */; };
		070391941F927C9500D29F8F /* print.c in Sources */ = {isa = PBXBuildFile; fileRef = 0703916C1F927C9500D29F8F /* print.c */; };
		070391951F927C9500D29F8F /* readcdf.c in Sources */ = {isa = PBXBuildFile; fileRef = 0703916D1F927C9500D29F8F /* readcdf.c */; };
		070391961F927C9500D29F8F /* readelf.c in Sources */ = {isa = PBXBuildFile; fileRef = 0703916E1F927C9500D29F8F /* readelf.c */; };
		070391971F927C9500D29F8F /* readelf.h in Headers */ = {isa = PBXBuildFile; fileRef = 0703916F1F927C9500D29F8F /* readelf.h */; };
		070391981F927C9500D29F8F /* softmagic.c in Sources */ = {isa = PBXBuildFile; fileRef = 070391701F927C9500D29F8F /* softmagic.c */; };
		070391991F927C9500D29F8F /* strcasestr.c in Sources */ = {isa = PBXBuildFile; fileRef = 070391711F927C9500D29F8F /* strcasestr.c */; };
		0703919C1F927C9500D29F8F /* tar.h in Headers */ = {isa = PBXBuildFile; fileRef = 070391741F927C9500D29F8F /* tar.h */; };
		0703919D1F927C9500D29F8F /* vasprintf.c in Sources */ = {isa = PBXBuildFile; fileRef = 070391751F927C9500D29F8F /* vasprintf.c */; };
		0703919F1F927CF800D29F8F /* config.h in Headers */ = {isa = PBXBuildFile; fileRef = 0703919E1F927CF800D29F8F /* config.h */; };
		070391A21F9283D800D29F8F /* KSOFileMagicManager.h in Headers */ = {isa = PBXBuildFile; fileRef = 070391A01F9283D800D29F8F /* KSOFileMagicManager.h */; settings = {ATTRIBUTES = (Public, ); }; };
		070391A31F9283D800D29F8F /* KSOFileMagicManager.m in Sources */ = {isa = PBXBuildFile; fileRef = 070391A11F9283D800D29F8F /* KSOFileMagicManager.m */; };
		070391AA1F928AEC00D29F8F /* NSBundle+KSOFileMagicExtensionsPrivate.h in Headers */ = {isa = PBXBuildFile; fileRef = 070391A81F928AEC00D29F8F /* NSBundle+KSOFileMagicExtensionsPrivate.h */; settings = {ATTRIBUTES = (Private, ); }; };
		070391AB1F928AEC00D29F8F /* NSBundle+KSOFileMagicExtensionsPrivate.m in Sources */ = {isa = PBXBuildFile; fileRef = 070391A91F928AEC00D29F8F /* NSBundle+KSOFileMagicExtensionsPrivate.m */; };
		070391BB1F92919B00D29F8F /* KSOFileMagic.h in Headers */ = {isa = PBXBuildFile; fileRef = 070390E21F92668B00D29F8F /* KSOFileMagic.h */; settings = {ATTRIBUTES = (Public, ); }; };
		070391BC1F9291A100D29F8F /* KSOFileMagicManager.h in Headers */ = {isa = PBXBuildFile; fileRef = 070391A01F9283D800D29F8F /* KSOFileMagicManager.h */; settings = {ATTRIBUTES = (Public, ); }; };
		070391BD1F9291A600D29F8F /* KSOFileMagicManager.m in Sources */ = {isa = PBXBuildFile; fileRef = 070391A11F9283D800D29F8F /* KSOFileMagicManager.m */; };
		070391BE1F9291A900D29F8F /* NSBundle+KSOFileMagicExtensionsPrivate.h in Headers */ = {isa = PBXBuildFile; fileRef = 070391A81F928AEC00D29F8F /* NSBundle+KSOFileMagicExtensionsPrivate.h */; settings = {ATTRIBUTES = (Private, ); }; };
		070391BF1F9291AE00D29F8F /* NSBundle+KSOFileMagicExtensionsPrivate.m in Sources */ = {isa = PBXBuildFile; fileRef = 070391A91F928AEC00D29F8F /* NSBundle+KSOFileMagicExtensionsPrivate.m */; };
		070391C01F9291B300D29F8F /* magic.mgc in Resources */ = {isa = PBXBuildFile; fileRef = 0703914C1F927C1800D29F8F /* magic.mgc */; };
		070391C11F9291BB00D29F8F /* config.h in Headers */ = {isa = PBXBuildFile; fileRef = 0703919E1F927CF800D29F8F /* config.h */; };
		070391C21F9291BB00D29F8F /* apprentice.c in Sources */ = {isa = PBXBuildFile; fileRef = 0703914E1F927C9500D29F8F /* apprentice.c */; };
		070391C31F9291BB00D29F8F /* apptype.c in Sources */ = {isa = PBXBuildFile; fileRef = 0703914F1F927C9500D29F8F /* apptype.c */; };
		070391C41F9291BB00D29F8F /* ascmagic.c in Sources */ = {isa = PBXBuildFile; fileRef = 070391501F927C9500D29F8F /* ascmagic.c */; };
		070391C51F9291BB00D29F8F /* asctime_r.c in Sources */ = {isa = PBXBuildFile; fileRef = 070391511F927C9500D29F8F /* asctime_r.c */; };
		070391C61F9291BB00D29F8F /* asprintf.c in Sources */ = {isa = PBXBuildFile; fileRef = 070391521F927C9500D29F8F /* asprintf.c */; };
		070391C71F9291BB00D29F8F /* cdf_time.c in Sources */ = {isa = PBXBuildFile; fileRef = 070391531F927C9500D29F8F /* cdf_time.c */; };
		070391C81F9291BB00D29F8F /* cdf.c in Sources */ = {isa = PBXBuildFile; fileRef = 070391541F927C9500D29F8F /* cdf.c */; };
		070391C91F9291BB00D29F8F /* cdf.h in Headers */ = {isa = PBXBuildFile; fileRef = 070391551F927C9500D29F8F /* cdf.h */; };
		070391CA1F9291BB00D29F8F /* compress.c in Sources */ = {isa = PBXBuildFile; fileRef = 070391561F927C9500D29F8F /* compress.c */; };
		070391CB1F9291BB00D29F8F /* ctime_r.c in Sources */ = {isa = PBXBuildFile; fileRef = 070391571F927C9500D29F8F /* ctime_r.c */; };
		070391CC1F9291BB00D29F8F /* der.c in Sources */ = {isa = PBXBuildFile; fileRef = 070391581F927C9500D29F8F /* der.c */; };
		070391CD1F9291BB00D29F8F /* der.h in Headers */ = {isa = PBXBuildFile; fileRef = 070391591F927C9500D29F8F /* der.h */; };
		070391CE1F9291BB00D29F8F /* dprintf.c in Sources */ = {isa = PBXBuildFile; fileRef = 0703915A1F927C9500D29F8F /* dprintf.c */; };
		070391CF1F9291BB00D29F8F /* elfclass.h in Headers */ = {isa = PBXBuildFile; fileRef = 0703915B1F927C9500D29F8F /* elfclass.h */; };
		070391D01F9291BB00D29F8F /* encoding.c in Sources */ = {isa = PBXBuildFile; fileRef = 0703915C1F927C9500D29F8F /* encoding.c */; };
		070391D11F9291BB00D29F8F /* file_opts.h in Headers */ = {isa = PBXBuildFile; fileRef = 0703915D1F927C9500D29F8F /* file_opts.h */; };
		070391D21F9291BB00D29F8F /* file.c in Sources */ = {isa = PBXBuildFile; fileRef = 0703915E1F927C9500D29F8F /* file.c */; };
		070391D31F9291BB00D29F8F /* file.h in Headers */ = {isa = PBXBuildFile; fileRef = 0703915F1F927C9500D29F8F /* file.h */; };
		070391D41F9291BB00D29F8F /* fmtcheck.c in Sources */ = {isa = PBXBuildFile; fileRef = 070391601F927C9500D29F8F /* fmtcheck.c */; };
		070391D51F9291BB00D29F8F /* fsmagic.c in Sources */ = {isa = PBXBuildFile; fileRef = 070391611F927C9500D29F8F /* fsmagic.c */; };
		070391D61F9291BB00D29F8F /* funcs.c in Sources */ = {isa = PBXBuildFile; fileRef = 070391621F927C9500D29F8F /* funcs.c */; };
		070391D71F9291BB00D29F8F /* getline.c in Sources */ = {isa = PBXBuildFile; fileRef = 070391631F927C9500D29F8F /* getline.c */; };
		070391D81F9291BB00D29F8F /* getopt_long.c in Sources */ = {isa = PBXBuildFile; fileRef = 070391641F927C9500D29F8F /* getopt_long.c */; };
		070391D91F9291BB00D29F8F /* gmtime_r.c in Sources */ = {isa = PBXBuildFile; fileRef = 070391651F927C9500D29F8F /* gmtime_r.c */; };
		070391DA1F9291BB00D29F8F /* is_tar.c in Sources */ = {isa = PBXBuildFile; fileRef = 070391661F927C9500D29F8F /* is_tar.c */; };
		070391DB1F9291BB00D29F8F /* localtime_r.c in Sources */ = {isa = PBXBuildFile; fileRef = 070391671F927C9500D29F8F /* localtime_r.c */; };
		070391DC1F9291BB00D29F8F /* magic.c in Sources */ = {isa = PBXBuildFile; fileRef = 070391681F927C9500D29F8F /* magic.c */; };
		070391DD1F9291BB00D29F8F /* magic.h in Headers */ = {isa = PBXBuildFile; fileRef = 070391691F927C9500D29F8F /* magic.h */; };
		070391DE1F9291BB00D29F8F /* mygetopt.h in Headers */ = {isa = PBXBuildFile; fileRef = 0703916A1F927C9500D29F8F /* mygetopt.h */; };
		070391DF1F9291BB00D29F8F /* pread.c in Sources */ = {isa = PBXBuildFile; fileRef = 0703916B1F927C9500D29F8F /* pread.c */; };
		070391E01F9291BB00D29F8F /* print.c in Sources */ = {isa = PBXBuildFile; fileRef = 0703916C1F927C9500D29F8F /* print.c */; };
		070391E11F9291BB00D29F8F /* readcdf.c in Sources */ = {isa = PBXBuildFile; fileRef = 0703916D1F927C9500D29F8F /* readcdf.c */; };
		070391E21F9291BB00D29F8F /* readelf.c in Sources */ = {isa = PBXBuildFile; fileRef = 0703916E1F927C9500D29F8F /* readelf.c */; };
		070391E31F9291BB00D29F8F /* readelf.h in Headers */ = {isa = PBXBuildFile; fileRef = 0703916F1F927C9500D29F8F /* readelf.h */; };
		070391E41F9291BB00D29F8F /* softmagic.c in Sources */ = {isa = PBXBuildFile; fileRef = 070391701F927C9500D29F8F /* softmagic.c */; };
		070391E51F9291BB00D29F8F /* strcasestr.c in Sources */ = {isa = PBXBuildFile; fileRef = 070391711F927C9500D29F8F /* strcasestr.c */; };
		070391E61F9291BB00D29F8F /* tar.h in Headers */ = {isa = PBXBuildFile; fileRef = 070391741F927C9500D29F8F /* tar.h */; };
		070391E71F9291BB00D29F8F /* vasprintf.c in Sources */ = {isa = PBXBuildFile; fileRef = 070391751F927C9500D29F8F /* vasprintf.c */; };
		070391E81F9292BB00D29F8F /* Stanley.framework in Frameworks */ = {isa = PBXBuildFile; fileRef = 070391E91F9292BB00D29F8F /* Stanley.framework */; };
		070391F21F92950A00D29F8F /* AppDelegate.m in Sources */ = {isa = PBXBuildFile; fileRef = 070391F11F92950A00D29F8F /* AppDelegate.m */; };
		070391F51F92950A00D29F8F /* ViewController.m in Sources */ = {isa = PBXBuildFile; fileRef = 070391F41F92950A00D29F8F /* ViewController.m */; };
		070391F71F92950A00D29F8F /* Assets.xcassets in Resources */ = {isa = PBXBuildFile; fileRef = 070391F61F92950A00D29F8F /* Assets.xcassets */; };
		070391FA1F92950A00D29F8F /* Main.storyboard in Resources */ = {isa = PBXBuildFile; fileRef = 070391F81F92950A00D29F8F /* Main.storyboard */; };
		070391FD1F92950A00D29F8F /* main.m in Sources */ = {isa = PBXBuildFile; fileRef = 070391FC1F92950A00D29F8F /* main.m */; };
		070392021F92952000D29F8F /* KSOFileMagic.framework in Frameworks */ = {isa = PBXBuildFile; fileRef = 070391B11F928FA500D29F8F /* KSOFileMagic.framework */; };
		070392031F92952000D29F8F /* KSOFileMagic.framework in Embed Frameworks */ = {isa = PBXBuildFile; fileRef = 070391B11F928FA500D29F8F /* KSOFileMagic.framework */; settings = {ATTRIBUTES = (CodeSignOnCopy, RemoveHeadersOnCopy, ); }; };
		070392071F92954100D29F8F /* Stanley.framework in Frameworks */ = {isa = PBXBuildFile; fileRef = 070391E91F9292BB00D29F8F /* Stanley.framework */; };
		070392081F92954100D29F8F /* Stanley.framework in Embed Frameworks */ = {isa = PBXBuildFile; fileRef = 070391E91F9292BB00D29F8F /* Stanley.framework */; settings = {ATTRIBUTES = (CodeSignOnCopy, RemoveHeadersOnCopy, ); }; };
		0703920A1F92996600D29F8F /* libz.tbd in Frameworks */ = {isa = PBXBuildFile; fileRef = 070392091F92996600D29F8F /* libz.tbd */; };
		0703920B1F929B0700D29F8F /* libz.tbd in Frameworks */ = {isa = PBXBuildFile; fileRef = 070392091F92996600D29F8F /* libz.tbd */; };
		0703920D1F929B0E00D29F8F /* libz.tbd in Frameworks */ = {isa = PBXBuildFile; fileRef = 0703920C1F929B0E00D29F8F /* libz.tbd */; };
		070392101F92B29500D29F8F /* KSOFileMagicAttributes.h in Headers */ = {isa = PBXBuildFile; fileRef = 0703920E1F92B29500D29F8F /* KSOFileMagicAttributes.h */; settings = {ATTRIBUTES = (Public, ); }; };
		070392111F92B29500D29F8F /* KSOFileMagicAttributes.h in Headers */ = {isa = PBXBuildFile; fileRef = 0703920E1F92B29500D29F8F /* KSOFileMagicAttributes.h */; settings = {ATTRIBUTES = (Public, ); }; };
		070392121F92B29500D29F8F /* KSOFileMagicAttributes.m in Sources */ = {isa = PBXBuildFile; fileRef = 0703920F1F92B29500D29F8F /* KSOFileMagicAttributes.m */; };
		070392131F92B29500D29F8F /* KSOFileMagicAttributes.m in Sources */ = {isa = PBXBuildFile; fileRef = 0703920F1F92B29500D29F8F /* KSOFileMagicAttributes.m */; };
		070392161F92B38E00D29F8F /* KSOFileMagicAttributes+KSOFileMagicExtensionsPrivate.h in Headers */ = {isa = PBXBuildFile; fileRef = 070392141F92B38E00D29F8F /* KSOFileMagicAttributes+KSOFileMagicExtensionsPrivate.h */; settings = {ATTRIBUTES = (Private, ); }; };
		070392171F92B38E00D29F8F /* KSOFileMagicAttributes+KSOFileMagicExtensionsPrivate.h in Headers */ = {isa = PBXBuildFile; fileRef = 070392141F92B38E00D29F8F /* KSOFileMagicAttributes+KSOFileMagicExtensionsPrivate.h */; settings = {ATTRIBUTES = (Private, ); }; };
/* End PBXBuildFile section */

/* Begin PBXContainerItemProxy section */
		070392041F92952000D29F8F /* PBXContainerItemProxy */ = {
			isa = PBXContainerItemProxy;
			containerPortal = 070390D41F9260FA00D29F8F /* Project object */;
			proxyType = 1;
			remoteGlobalIDString = 070391B01F928FA500D29F8F;
			remoteInfo = "KSOFileMagic-macOS";
		};
/* End PBXContainerItemProxy section */

/* Begin PBXCopyFilesBuildPhase section */
		070392061F92952000D29F8F /* Embed Frameworks */ = {
			isa = PBXCopyFilesBuildPhase;
			buildActionMask = 2147483647;
			dstPath = "";
			dstSubfolderSpec = 10;
			files = (
				070392031F92952000D29F8F /* KSOFileMagic.framework in Embed Frameworks */,
				070392081F92954100D29F8F /* Stanley.framework in Embed Frameworks */,
			);
			name = "Embed Frameworks";
			runOnlyForDeploymentPostprocessing = 0;
		};
/* End PBXCopyFilesBuildPhase section */

/* Begin PBXFileReference section */
		070390DF1F92668A00D29F8F /* KSOFileMagic.framework */ = {isa = PBXFileReference; explicitFileType = wrapper.framework; includeInIndex = 0; path = KSOFileMagic.framework; sourceTree = BUILT_PRODUCTS_DIR; };
		070390E21F92668B00D29F8F /* KSOFileMagic.h */ = {isa = PBXFileReference; lastKnownFileType = sourcecode.c.h; path = KSOFileMagic.h; sourceTree = "<group>"; };
		070390E31F92668B00D29F8F /* KSOFileMagic-iOS-Info.plist */ = {isa = PBXFileReference; lastKnownFileType = text.plist.xml; path = "KSOFileMagic-iOS-Info.plist"; sourceTree = "<group>"; };
		070390EA1F9267DD00D29F8F /* KSOFileMagic-Info.h */ = {isa = PBXFileReference; lastKnownFileType = sourcecode.c.h; path = "KSOFileMagic-Info.h"; sourceTree = "<group>"; };
		070390ED1F9268F100D29F8F /* Stanley.framework */ = {isa = PBXFileReference; explicitFileType = wrapper.framework; path = Stanley.framework; sourceTree = BUILT_PRODUCTS_DIR; };
		0703914C1F927C1800D29F8F /* magic.mgc */ = {isa = PBXFileReference; lastKnownFileType = file; name = magic.mgc; path = magic/magic.mgc; sourceTree = "<group>"; };
		0703914E1F927C9500D29F8F /* apprentice.c */ = {isa = PBXFileReference; fileEncoding = 4; lastKnownFileType = sourcecode.c.c; name = apprentice.c; path = src/apprentice.c; sourceTree = "<group>"; };
		0703914F1F927C9500D29F8F /* apptype.c */ = {isa = PBXFileReference; fileEncoding = 4; lastKnownFileType = sourcecode.c.c; name = apptype.c; path = src/apptype.c; sourceTree = "<group>"; };
		070391501F927C9500D29F8F /* ascmagic.c */ = {isa = PBXFileReference; fileEncoding = 4; lastKnownFileType = sourcecode.c.c; name = ascmagic.c; path = src/ascmagic.c; sourceTree = "<group>"; };
		070391511F927C9500D29F8F /* asctime_r.c */ = {isa = PBXFileReference; fileEncoding = 4; lastKnownFileType = sourcecode.c.c; name = asctime_r.c; path = src/asctime_r.c; sourceTree = "<group>"; };
		070391521F927C9500D29F8F /* asprintf.c */ = {isa = PBXFileReference; fileEncoding = 4; lastKnownFileType = sourcecode.c.c; name = asprintf.c; path = src/asprintf.c; sourceTree = "<group>"; };
		070391531F927C9500D29F8F /* cdf_time.c */ = {isa = PBXFileReference; fileEncoding = 4; lastKnownFileType = sourcecode.c.c; name = cdf_time.c; path = src/cdf_time.c; sourceTree = "<group>"; };
		070391541F927C9500D29F8F /* cdf.c */ = {isa = PBXFileReference; fileEncoding = 4; lastKnownFileType = sourcecode.c.c; name = cdf.c; path = src/cdf.c; sourceTree = "<group>"; };
		070391551F927C9500D29F8F /* cdf.h */ = {isa = PBXFileReference; fileEncoding = 4; lastKnownFileType = sourcecode.c.h; name = cdf.h; path = src/cdf.h; sourceTree = "<group>"; };
		070391561F927C9500D29F8F /* compress.c */ = {isa = PBXFileReference; fileEncoding = 4; lastKnownFileType = sourcecode.c.c; name = compress.c; path = src/compress.c; sourceTree = "<group>"; };
		070391571F927C9500D29F8F /* ctime_r.c */ = {isa = PBXFileReference; fileEncoding = 4; lastKnownFileType = sourcecode.c.c; name = ctime_r.c; path = src/ctime_r.c; sourceTree = "<group>"; };
		070391581F927C9500D29F8F /* der.c */ = {isa = PBXFileReference; fileEncoding = 4; lastKnownFileType = sourcecode.c.c; name = der.c; path = src/der.c; sourceTree = "<group>"; };
		070391591F927C9500D29F8F /* der.h */ = {isa = PBXFileReference; fileEncoding = 4; lastKnownFileType = sourcecode.c.h; name = der.h; path = src/der.h; sourceTree = "<group>"; };
		0703915A1F927C9500D29F8F /* dprintf.c */ = {isa = PBXFileReference; fileEncoding = 4; lastKnownFileType = sourcecode.c.c; name = dprintf.c; path = src/dprintf.c; sourceTree = "<group>"; };
		0703915B1F927C9500D29F8F /* elfclass.h */ = {isa = PBXFileReference; fileEncoding = 4; lastKnownFileType = sourcecode.c.h; name = elfclass.h; path = src/elfclass.h; sourceTree = "<group>"; };
		0703915C1F927C9500D29F8F /* encoding.c */ = {isa = PBXFileReference; fileEncoding = 4; lastKnownFileType = sourcecode.c.c; name = encoding.c; path = src/encoding.c; sourceTree = "<group>"; };
		0703915D1F927C9500D29F8F /* file_opts.h */ = {isa = PBXFileReference; fileEncoding = 4; lastKnownFileType = sourcecode.c.h; name = file_opts.h; path = src/file_opts.h; sourceTree = "<group>"; };
		0703915E1F927C9500D29F8F /* file.c */ = {isa = PBXFileReference; fileEncoding = 4; lastKnownFileType = sourcecode.c.c; name = file.c; path = src/file.c; sourceTree = "<group>"; };
		0703915F1F927C9500D29F8F /* file.h */ = {isa = PBXFileReference; fileEncoding = 4; lastKnownFileType = sourcecode.c.h; name = file.h; path = src/file.h; sourceTree = "<group>"; };
		070391601F927C9500D29F8F /* fmtcheck.c */ = {isa = PBXFileReference; fileEncoding = 4; lastKnownFileType = sourcecode.c.c; name = fmtcheck.c; path = src/fmtcheck.c; sourceTree = "<group>"; };
		070391611F927C9500D29F8F /* fsmagic.c */ = {isa = PBXFileReference; fileEncoding = 4; lastKnownFileType = sourcecode.c.c; name = fsmagic.c; path = src/fsmagic.c; sourceTree = "<group>"; };
		070391621F927C9500D29F8F /* funcs.c */ = {isa = PBXFileReference; fileEncoding = 4; lastKnownFileType = sourcecode.c.c; name = funcs.c; path = src/funcs.c; sourceTree = "<group>"; };
		070391631F927C9500D29F8F /* getline.c */ = {isa = PBXFileReference; fileEncoding = 4; lastKnownFileType = sourcecode.c.c; name = getline.c; path = src/getline.c; sourceTree = "<group>"; };
		070391641F927C9500D29F8F /* getopt_long.c */ = {isa = PBXFileReference; fileEncoding = 4; lastKnownFileType = sourcecode.c.c; name = getopt_long.c; path = src/getopt_long.c; sourceTree = "<group>"; };
		070391651F927C9500D29F8F /* gmtime_r.c */ = {isa = PBXFileReference; fileEncoding = 4; lastKnownFileType = sourcecode.c.c; name = gmtime_r.c; path = src/gmtime_r.c; sourceTree = "<group>"; };
		070391661F927C9500D29F8F /* is_tar.c */ = {isa = PBXFileReference; fileEncoding = 4; lastKnownFileType = sourcecode.c.c; name = is_tar.c; path = src/is_tar.c; sourceTree = "<group>"; };
		070391671F927C9500D29F8F /* localtime_r.c */ = {isa = PBXFileReference; fileEncoding = 4; lastKnownFileType = sourcecode.c.c; name = localtime_r.c; path = src/localtime_r.c; sourceTree = "<group>"; };
		070391681F927C9500D29F8F /* magic.c */ = {isa = PBXFileReference; fileEncoding = 4; lastKnownFileType = sourcecode.c.c; name = magic.c; path = src/magic.c; sourceTree = "<group>"; };
		070391691F927C9500D29F8F /* magic.h */ = {isa = PBXFileReference; fileEncoding = 4; lastKnownFileType = sourcecode.c.h; name = magic.h; path = src/magic.h; sourceTree = "<group>"; };
		0703916A1F927C9500D29F8F /* mygetopt.h */ = {isa = PBXFileReference; fileEncoding = 4; lastKnownFileType = sourcecode.c.h; name = mygetopt.h; path = src/mygetopt.h; sourceTree = "<group>"; };
		0703916B1F927C9500D29F8F /* pread.c */ = {isa = PBXFileReference; fileEncoding = 4; lastKnownFileType = sourcecode.c.c; name = pread.c; path = src/pread.c; sourceTree = "<group>"; };
		0703916C1F927C9500D29F8F /* print.c */ = {isa = PBXFileReference; fileEncoding = 4; lastKnownFileType = sourcecode.c.c; name = print.c; path = src/print.c; sourceTree = "<group>"; };
		0703916D1F927C9500D29F8F /* readcdf.c */ = {isa = PBXFileReference; fileEncoding = 4; lastKnownFileType = sourcecode.c.c; name = readcdf.c; path = src/readcdf.c; sourceTree = "<group>"; };
		0703916E1F927C9500D29F8F /* readelf.c */ = {isa = PBXFileReference; fileEncoding = 4; lastKnownFileType = sourcecode.c.c; name = readelf.c; path = src/readelf.c; sourceTree = "<group>"; };
		0703916F1F927C9500D29F8F /* readelf.h */ = {isa = PBXFileReference; fileEncoding = 4; lastKnownFileType = sourcecode.c.h; name = readelf.h; path = src/readelf.h; sourceTree = "<group>"; };
		070391701F927C9500D29F8F /* softmagic.c */ = {isa = PBXFileReference; fileEncoding = 4; lastKnownFileType = sourcecode.c.c; name = softmagic.c; path = src/softmagic.c; sourceTree = "<group>"; };
		070391711F927C9500D29F8F /* strcasestr.c */ = {isa = PBXFileReference; fileEncoding = 4; lastKnownFileType = sourcecode.c.c; name = strcasestr.c; path = src/strcasestr.c; sourceTree = "<group>"; };
		070391741F927C9500D29F8F /* tar.h */ = {isa = PBXFileReference; fileEncoding = 4; lastKnownFileType = sourcecode.c.h; name = tar.h; path = src/tar.h; sourceTree = "<group>"; };
		070391751F927C9500D29F8F /* vasprintf.c */ = {isa = PBXFileReference; fileEncoding = 4; lastKnownFileType = sourcecode.c.c; name = vasprintf.c; path = src/vasprintf.c; sourceTree = "<group>"; };
		0703919E1F927CF800D29F8F /* config.h */ = {isa = PBXFileReference; fileEncoding = 4; lastKnownFileType = sourcecode.c.h; path = config.h; sourceTree = "<group>"; };
		070391A01F9283D800D29F8F /* KSOFileMagicManager.h */ = {isa = PBXFileReference; lastKnownFileType = sourcecode.c.h; path = KSOFileMagicManager.h; sourceTree = "<group>"; };
		070391A11F9283D800D29F8F /* KSOFileMagicManager.m */ = {isa = PBXFileReference; lastKnownFileType = sourcecode.c.objc; path = KSOFileMagicManager.m; sourceTree = "<group>"; };
		070391A81F928AEC00D29F8F /* NSBundle+KSOFileMagicExtensionsPrivate.h */ = {isa = PBXFileReference; lastKnownFileType = sourcecode.c.h; path = "NSBundle+KSOFileMagicExtensionsPrivate.h"; sourceTree = "<group>"; };
		070391A91F928AEC00D29F8F /* NSBundle+KSOFileMagicExtensionsPrivate.m */ = {isa = PBXFileReference; lastKnownFileType = sourcecode.c.objc; path = "NSBundle+KSOFileMagicExtensionsPrivate.m"; sourceTree = "<group>"; };
		070391B11F928FA500D29F8F /* KSOFileMagic.framework */ = {isa = PBXFileReference; explicitFileType = wrapper.framework; includeInIndex = 0; path = KSOFileMagic.framework; sourceTree = BUILT_PRODUCTS_DIR; };
		070391B91F92915A00D29F8F /* KSOFileMagic-macOS-Info.plist */ = {isa = PBXFileReference; fileEncoding = 4; lastKnownFileType = text.plist.xml; path = "KSOFileMagic-macOS-Info.plist"; sourceTree = "<group>"; };
		070391E91F9292BB00D29F8F /* Stanley.framework */ = {isa = PBXFileReference; explicitFileType = wrapper.framework; path = Stanley.framework; sourceTree = BUILT_PRODUCTS_DIR; };
		070391EE1F92950900D29F8F /* Demo-macOS.app */ = {isa = PBXFileReference; explicitFileType = wrapper.application; includeInIndex = 0; path = "Demo-macOS.app"; sourceTree = BUILT_PRODUCTS_DIR; };
		070391F01F92950A00D29F8F /* AppDelegate.h */ = {isa = PBXFileReference; lastKnownFileType = sourcecode.c.h; path = AppDelegate.h; sourceTree = "<group>"; };
		070391F11F92950A00D29F8F /* AppDelegate.m */ = {isa = PBXFileReference; lastKnownFileType = sourcecode.c.objc; path = AppDelegate.m; sourceTree = "<group>"; };
		070391F31F92950A00D29F8F /* ViewController.h */ = {isa = PBXFileReference; lastKnownFileType = sourcecode.c.h; path = ViewController.h; sourceTree = "<group>"; };
		070391F41F92950A00D29F8F /* ViewController.m */ = {isa = PBXFileReference; lastKnownFileType = sourcecode.c.objc; path = ViewController.m; sourceTree = "<group>"; };
		070391F61F92950A00D29F8F /* Assets.xcassets */ = {isa = PBXFileReference; lastKnownFileType = folder.assetcatalog; path = Assets.xcassets; sourceTree = "<group>"; };
		070391F91F92950A00D29F8F /* Base */ = {isa = PBXFileReference; lastKnownFileType = file.storyboard; name = Base; path = Base.lproj/Main.storyboard; sourceTree = "<group>"; };
		070391FB1F92950A00D29F8F /* Info.plist */ = {isa = PBXFileReference; lastKnownFileType = text.plist.xml; path = Info.plist; sourceTree = "<group>"; };
		070391FC1F92950A00D29F8F /* main.m */ = {isa = PBXFileReference; lastKnownFileType = sourcecode.c.objc; path = main.m; sourceTree = "<group>"; };
		070391FE1F92950A00D29F8F /* Demo_macOS.entitlements */ = {isa = PBXFileReference; lastKnownFileType = text.plist.entitlements; path = Demo_macOS.entitlements; sourceTree = "<group>"; };
		070392091F92996600D29F8F /* libz.tbd */ = {isa = PBXFileReference; lastKnownFileType = "sourcecode.text-based-dylib-definition"; name = libz.tbd; path = usr/lib/libz.tbd; sourceTree = SDKROOT; };
		0703920C1F929B0E00D29F8F /* libz.tbd */ = {isa = PBXFileReference; lastKnownFileType = "sourcecode.text-based-dylib-definition"; name = libz.tbd; path = Platforms/iPhoneOS.platform/Developer/SDKs/iPhoneOS11.0.sdk/usr/lib/libz.tbd; sourceTree = DEVELOPER_DIR; };
		0703920E1F92B29500D29F8F /* KSOFileMagicAttributes.h */ = {isa = PBXFileReference; lastKnownFileType = sourcecode.c.h; path = KSOFileMagicAttributes.h; sourceTree = "<group>"; };
		0703920F1F92B29500D29F8F /* KSOFileMagicAttributes.m */ = {isa = PBXFileReference; lastKnownFileType = sourcecode.c.objc; path = KSOFileMagicAttributes.m; sourceTree = "<group>"; };
		070392141F92B38E00D29F8F /* KSOFileMagicAttributes+KSOFileMagicExtensionsPrivate.h */ = {isa = PBXFileReference; lastKnownFileType = sourcecode.c.h; path = "KSOFileMagicAttributes+KSOFileMagicExtensionsPrivate.h"; sourceTree = "<group>"; };
		07C058BB1F92D5E70050C5F4 /* Stanley.framework */ = {isa = PBXFileReference; explicitFileType = wrapper.framework; path = Stanley.framework; sourceTree = BUILT_PRODUCTS_DIR; };
		07C058BC1F92D5ED0050C5F4 /* libz.tbd */ = {isa = PBXFileReference; lastKnownFileType = "sourcecode.text-based-dylib-definition"; name = libz.tbd; path = Platforms/AppleTVOS.platform/Developer/SDKs/AppleTVOS11.0.sdk/usr/lib/libz.tbd; sourceTree = DEVELOPER_DIR; };
/* End PBXFileReference section */

/* Begin PBXFrameworksBuildPhase section */
		070390DB1F92668A00D29F8F /* Frameworks */ = {
			isa = PBXFrameworksBuildPhase;
			buildActionMask = 2147483647;
			files = (
				0703920D1F929B0E00D29F8F /* libz.tbd in Frameworks */,
				070390EC1F9268F100D29F8F /* Stanley.framework in Frameworks */,
			);
			runOnlyForDeploymentPostprocessing = 0;
		};
		070391AD1F928FA500D29F8F /* Frameworks */ = {
			isa = PBXFrameworksBuildPhase;
			buildActionMask = 2147483647;
			files = (
				0703920B1F929B0700D29F8F /* libz.tbd in Frameworks */,
				070391E81F9292BB00D29F8F /* Stanley.framework in Frameworks */,
			);
			runOnlyForDeploymentPostprocessing = 0;
		};
		070391EB1F92950900D29F8F /* Frameworks */ = {
			isa = PBXFrameworksBuildPhase;
			buildActionMask = 2147483647;
			files = (
				0703920A1F92996600D29F8F /* libz.tbd in Frameworks */,
				070392021F92952000D29F8F /* KSOFileMagic.framework in Frameworks */,
				070392071F92954100D29F8F /* Stanley.framework in Frameworks */,
			);
			runOnlyForDeploymentPostprocessing = 0;
		};
/* End PBXFrameworksBuildPhase section */

/* Begin PBXGroup section */
		070390D31F9260FA00D29F8F = {
			isa = PBXGroup;
			children = (
				070390E11F92668A00D29F8F /* KSOFileMagic */,
				070391EF1F92950A00D29F8F /* Demo-macOS */,
				070390E01F92668A00D29F8F /* Products */,
				070390EB1F9268F100D29F8F /* Frameworks */,
			);
			sourceTree = "<group>";
		};
		070390E01F92668A00D29F8F /* Products */ = {
			isa = PBXGroup;
			children = (
				070390DF1F92668A00D29F8F /* KSOFileMagic.framework */,
				070391B11F928FA500D29F8F /* KSOFileMagic.framework */,
				070391EE1F92950900D29F8F /* Demo-macOS.app */,
			);
			name = Products;
			sourceTree = "<group>";
		};
		070390E11F92668A00D29F8F /* KSOFileMagic */ = {
			isa = PBXGroup;
			children = (
				070390E21F92668B00D29F8F /* KSOFileMagic.h */,
				070390E81F9267A300D29F8F /* Source */,
				070390E91F9267C000D29F8F /* Supporting Files */,
			);
			path = KSOFileMagic;
			sourceTree = "<group>";
		};
		070390E81F9267A300D29F8F /* Source */ = {
			isa = PBXGroup;
			children = (
				070391A01F9283D800D29F8F /* KSOFileMagicManager.h */,
				070391A11F9283D800D29F8F /* KSOFileMagicManager.m */,
				0703920E1F92B29500D29F8F /* KSOFileMagicAttributes.h */,
				0703920F1F92B29500D29F8F /* KSOFileMagicAttributes.m */,
				0703914A1F927BA800D29F8F /* Private */,
			);
			name = Source;
			sourceTree = "<group>";
		};
		070390E91F9267C000D29F8F /* Supporting Files */ = {
			isa = PBXGroup;
			children = (
				070390E31F92668B00D29F8F /* KSOFileMagic-iOS-Info.plist */,
				070391B91F92915A00D29F8F /* KSOFileMagic-macOS-Info.plist */,
				070390EA1F9267DD00D29F8F /* KSOFileMagic-Info.h */,
			);
			name = "Supporting Files";
			sourceTree = "<group>";
		};
		070390EB1F9268F100D29F8F /* Frameworks */ = {
			isa = PBXGroup;
			children = (
				07C058BC1F92D5ED0050C5F4 /* libz.tbd */,
				07C058BB1F92D5E70050C5F4 /* Stanley.framework */,
				0703920C1F929B0E00D29F8F /* libz.tbd */,
				070392091F92996600D29F8F /* libz.tbd */,
				070391E91F9292BB00D29F8F /* Stanley.framework */,
				070390ED1F9268F100D29F8F /* Stanley.framework */,
			);
			name = Frameworks;
			sourceTree = "<group>";
		};
		0703914A1F927BA800D29F8F /* Private */ = {
			isa = PBXGroup;
			children = (
				070391A81F928AEC00D29F8F /* NSBundle+KSOFileMagicExtensionsPrivate.h */,
				070391A91F928AEC00D29F8F /* NSBundle+KSOFileMagicExtensionsPrivate.m */,
				070392141F92B38E00D29F8F /* KSOFileMagicAttributes+KSOFileMagicExtensionsPrivate.h */,
				0703914B1F927BE400D29F8F /* file */,
			);
			path = Private;
			sourceTree = "<group>";
		};
		0703914B1F927BE400D29F8F /* file */ = {
			isa = PBXGroup;
			children = (
				0703914C1F927C1800D29F8F /* magic.mgc */,
				0703919E1F927CF800D29F8F /* config.h */,
				0703914E1F927C9500D29F8F /* apprentice.c */,
				0703914F1F927C9500D29F8F /* apptype.c */,
				070391501F927C9500D29F8F /* ascmagic.c */,
				070391511F927C9500D29F8F /* asctime_r.c */,
				070391521F927C9500D29F8F /* asprintf.c */,
				070391531F927C9500D29F8F /* cdf_time.c */,
				070391541F927C9500D29F8F /* cdf.c */,
				070391551F927C9500D29F8F /* cdf.h */,
				070391561F927C9500D29F8F /* compress.c */,
				070391571F927C9500D29F8F /* ctime_r.c */,
				070391581F927C9500D29F8F /* der.c */,
				070391591F927C9500D29F8F /* der.h */,
				0703915A1F927C9500D29F8F /* dprintf.c */,
				0703915B1F927C9500D29F8F /* elfclass.h */,
				0703915C1F927C9500D29F8F /* encoding.c */,
				0703915D1F927C9500D29F8F /* file_opts.h */,
				0703915E1F927C9500D29F8F /* file.c */,
				0703915F1F927C9500D29F8F /* file.h */,
				070391601F927C9500D29F8F /* fmtcheck.c */,
				070391611F927C9500D29F8F /* fsmagic.c */,
				070391621F927C9500D29F8F /* funcs.c */,
				070391631F927C9500D29F8F /* getline.c */,
				070391641F927C9500D29F8F /* getopt_long.c */,
				070391651F927C9500D29F8F /* gmtime_r.c */,
				070391661F927C9500D29F8F /* is_tar.c */,
				070391671F927C9500D29F8F /* localtime_r.c */,
				070391681F927C9500D29F8F /* magic.c */,
				070391691F927C9500D29F8F /* magic.h */,
				0703916A1F927C9500D29F8F /* mygetopt.h */,
				0703916B1F927C9500D29F8F /* pread.c */,
				0703916C1F927C9500D29F8F /* print.c */,
				0703916D1F927C9500D29F8F /* readcdf.c */,
				0703916E1F927C9500D29F8F /* readelf.c */,
				0703916F1F927C9500D29F8F /* readelf.h */,
				070391701F927C9500D29F8F /* softmagic.c */,
				070391711F927C9500D29F8F /* strcasestr.c */,
				070391741F927C9500D29F8F /* tar.h */,
				070391751F927C9500D29F8F /* vasprintf.c */,
			);
			path = file;
			sourceTree = "<group>";
		};
		070391EF1F92950A00D29F8F /* Demo-macOS */ = {
			isa = PBXGroup;
			children = (
				070391F01F92950A00D29F8F /* AppDelegate.h */,
				070391F11F92950A00D29F8F /* AppDelegate.m */,
				070391F31F92950A00D29F8F /* ViewController.h */,
				070391F41F92950A00D29F8F /* ViewController.m */,
				070391F61F92950A00D29F8F /* Assets.xcassets */,
				070391F81F92950A00D29F8F /* Main.storyboard */,
				070391FB1F92950A00D29F8F /* Info.plist */,
				070391FC1F92950A00D29F8F /* main.m */,
				070391FE1F92950A00D29F8F /* Demo_macOS.entitlements */,
			);
			path = "Demo-macOS";
			sourceTree = "<group>";
		};
/* End PBXGroup section */

/* Begin PBXHeadersBuildPhase section */
		070390DC1F92668A00D29F8F /* Headers */ = {
			isa = PBXHeadersBuildPhase;
			buildActionMask = 2147483647;
			files = (
				070391A21F9283D800D29F8F /* KSOFileMagicManager.h in Headers */,
				070391871F927C9500D29F8F /* file.h in Headers */,
				070391971F927C9500D29F8F /* readelf.h in Headers */,
				070391AA1F928AEC00D29F8F /* NSBundle+KSOFileMagicExtensionsPrivate.h in Headers */,
				070392161F92B38E00D29F8F /* KSOFileMagicAttributes+KSOFileMagicExtensionsPrivate.h in Headers */,
				0703919C1F927C9500D29F8F /* tar.h in Headers */,
				070391921F927C9500D29F8F /* mygetopt.h in Headers */,
				070391811F927C9500D29F8F /* der.h in Headers */,
				070391831F927C9500D29F8F /* elfclass.h in Headers */,
				0703917D1F927C9500D29F8F /* cdf.h in Headers */,
				070391911F927C9500D29F8F /* magic.h in Headers */,
				0703919F1F927CF800D29F8F /* config.h in Headers */,
				070392101F92B29500D29F8F /* KSOFileMagicAttributes.h in Headers */,
				070391851F927C9500D29F8F /* file_opts.h in Headers */,
				070390E41F92668B00D29F8F /* KSOFileMagic.h in Headers */,
			);
			runOnlyForDeploymentPostprocessing = 0;
		};
		070391AE1F928FA500D29F8F /* Headers */ = {
			isa = PBXHeadersBuildPhase;
			buildActionMask = 2147483647;
			files = (
				070391DE1F9291BB00D29F8F /* mygetopt.h in Headers */,
				070391DD1F9291BB00D29F8F /* magic.h in Headers */,
				070391D31F9291BB00D29F8F /* file.h in Headers */,
				070391CD1F9291BB00D29F8F /* der.h in Headers */,
				070392171F92B38E00D29F8F /* KSOFileMagicAttributes+KSOFileMagicExtensionsPrivate.h in Headers */,
				070391C11F9291BB00D29F8F /* config.h in Headers */,
				070391BC1F9291A100D29F8F /* KSOFileMagicManager.h in Headers */,
				070391BE1F9291A900D29F8F /* NSBundle+KSOFileMagicExtensionsPrivate.h in Headers */,
				070391CF1F9291BB00D29F8F /* elfclass.h in Headers */,
				070391BB1F92919B00D29F8F /* KSOFileMagic.h in Headers */,
				070391D11F9291BB00D29F8F /* file_opts.h in Headers */,
				070391E61F9291BB00D29F8F /* tar.h in Headers */,
				070392111F92B29500D29F8F /* KSOFileMagicAttributes.h in Headers */,
				070391E31F9291BB00D29F8F /* readelf.h in Headers */,
				070391C91F9291BB00D29F8F /* cdf.h in Headers */,
			);
			runOnlyForDeploymentPostprocessing = 0;
		};
/* End PBXHeadersBuildPhase section */

/* Begin PBXNativeTarget section */
		070390DE1F92668A00D29F8F /* KSOFileMagic-iOS */ = {
			isa = PBXNativeTarget;
			buildConfigurationList = 070390E71F92668B00D29F8F /* Build configuration list for PBXNativeTarget "KSOFileMagic-iOS" */;
			buildPhases = (
				070390DA1F92668A00D29F8F /* Sources */,
				070390DB1F92668A00D29F8F /* Frameworks */,
				070390DC1F92668A00D29F8F /* Headers */,
				070390DD1F92668A00D29F8F /* Resources */,
			);
			buildRules = (
			);
			dependencies = (
			);
			name = "KSOFileMagic-iOS";
			productName = KSOFileMagic;
			productReference = 070390DF1F92668A00D29F8F /* KSOFileMagic.framework */;
			productType = "com.apple.product-type.framework";
		};
		070391B01F928FA500D29F8F /* KSOFileMagic-macOS */ = {
			isa = PBXNativeTarget;
			buildConfigurationList = 070391B61F928FA500D29F8F /* Build configuration list for PBXNativeTarget "KSOFileMagic-macOS" */;
			buildPhases = (
				070391AC1F928FA500D29F8F /* Sources */,
				070391AD1F928FA500D29F8F /* Frameworks */,
				070391AE1F928FA500D29F8F /* Headers */,
				070391AF1F928FA500D29F8F /* Resources */,
			);
			buildRules = (
			);
			dependencies = (
			);
			name = "KSOFileMagic-macOS";
			productName = "KSOFileMagic-macOS";
			productReference = 070391B11F928FA500D29F8F /* KSOFileMagic.framework */;
			productType = "com.apple.product-type.framework";
		};
		070391ED1F92950900D29F8F /* Demo-macOS */ = {
			isa = PBXNativeTarget;
			buildConfigurationList = 070391FF1F92950A00D29F8F /* Build configuration list for PBXNativeTarget "Demo-macOS" */;
			buildPhases = (
				070391EA1F92950900D29F8F /* Sources */,
				070391EB1F92950900D29F8F /* Frameworks */,
				070391EC1F92950900D29F8F /* Resources */,
				070392061F92952000D29F8F /* Embed Frameworks */,
			);
			buildRules = (
			);
			dependencies = (
				070392051F92952000D29F8F /* PBXTargetDependency */,
			);
			name = "Demo-macOS";
			productName = "Demo-macOS";
			productReference = 070391EE1F92950900D29F8F /* Demo-macOS.app */;
			productType = "com.apple.product-type.application";
		};
/* End PBXNativeTarget section */

/* Begin PBXProject section */
		070390D41F9260FA00D29F8F /* Project object */ = {
			isa = PBXProject;
			attributes = {
				CLASSPREFIX = KSO;
				LastUpgradeCheck = 0900;
				ORGANIZATIONNAME = "Kosoku Interactive, LLC.";
				TargetAttributes = {
					070390DE1F92668A00D29F8F = {
						CreatedOnToolsVersion = 9.0;
						ProvisioningStyle = Automatic;
					};
					070391B01F928FA500D29F8F = {
						CreatedOnToolsVersion = 9.0;
						ProvisioningStyle = Automatic;
					};
					070391ED1F92950900D29F8F = {
						CreatedOnToolsVersion = 9.0;
						ProvisioningStyle = Automatic;
					};
				};
			};
			buildConfigurationList = 070390D71F9260FA00D29F8F /* Build configuration list for PBXProject "KSOFileMagic" */;
			compatibilityVersion = "Xcode 8.0";
			developmentRegion = en;
			hasScannedForEncodings = 0;
			knownRegions = (
				en,
				Base,
			);
			mainGroup = 070390D31F9260FA00D29F8F;
			productRefGroup = 070390E01F92668A00D29F8F /* Products */;
			projectDirPath = "";
			projectRoot = "";
			targets = (
				070390DE1F92668A00D29F8F /* KSOFileMagic-iOS */,
				070391B01F928FA500D29F8F /* KSOFileMagic-macOS */,
				070391ED1F92950900D29F8F /* Demo-macOS */,
			);
		};
/* End PBXProject section */

/* Begin PBXResourcesBuildPhase section */
		070390DD1F92668A00D29F8F /* Resources */ = {
			isa = PBXResourcesBuildPhase;
			buildActionMask = 2147483647;
			files = (
				0703914D1F927C1800D29F8F /* magic.mgc in Resources */,
			);
			runOnlyForDeploymentPostprocessing = 0;
		};
		070391AF1F928FA500D29F8F /* Resources */ = {
			isa = PBXResourcesBuildPhase;
			buildActionMask = 2147483647;
			files = (
				070391C01F9291B300D29F8F /* magic.mgc in Resources */,
			);
			runOnlyForDeploymentPostprocessing = 0;
		};
		070391EC1F92950900D29F8F /* Resources */ = {
			isa = PBXResourcesBuildPhase;
			buildActionMask = 2147483647;
			files = (
				070391F71F92950A00D29F8F /* Assets.xcassets in Resources */,
				070391FA1F92950A00D29F8F /* Main.storyboard in Resources */,
			);
			runOnlyForDeploymentPostprocessing = 0;
		};
/* End PBXResourcesBuildPhase section */

/* Begin PBXSourcesBuildPhase section */
		070390DA1F92668A00D29F8F /* Sources */ = {
			isa = PBXSourcesBuildPhase;
			buildActionMask = 2147483647;
			files = (
				070391861F927C9500D29F8F /* file.c in Sources */,
				0703917F1F927C9500D29F8F /* ctime_r.c in Sources */,
				0703919D1F927C9500D29F8F /* vasprintf.c in Sources */,
				070391881F927C9500D29F8F /* fmtcheck.c in Sources */,
				0703918F1F927C9500D29F8F /* localtime_r.c in Sources */,
				070391931F927C9500D29F8F /* pread.c in Sources */,
				0703918D1F927C9500D29F8F /* gmtime_r.c in Sources */,
				070391781F927C9500D29F8F /* ascmagic.c in Sources */,
				070392121F92B29500D29F8F /* KSOFileMagicAttributes.m in Sources */,
				070391761F927C9500D29F8F /* apprentice.c in Sources */,
				070391901F927C9500D29F8F /* magic.c in Sources */,
				0703917B1F927C9500D29F8F /* cdf_time.c in Sources */,
				070391771F927C9500D29F8F /* apptype.c in Sources */,
				0703918A1F927C9500D29F8F /* funcs.c in Sources */,
				070391801F927C9500D29F8F /* der.c in Sources */,
				070391891F927C9500D29F8F /* fsmagic.c in Sources */,
				070391841F927C9500D29F8F /* encoding.c in Sources */,
				070391AB1F928AEC00D29F8F /* NSBundle+KSOFileMagicExtensionsPrivate.m in Sources */,
				0703918B1F927C9500D29F8F /* getline.c in Sources */,
				0703918C1F927C9500D29F8F /* getopt_long.c in Sources */,
				070391961F927C9500D29F8F /* readelf.c in Sources */,
				070391791F927C9500D29F8F /* asctime_r.c in Sources */,
				070391991F927C9500D29F8F /* strcasestr.c in Sources */,
				070391A31F9283D800D29F8F /* KSOFileMagicManager.m in Sources */,
				0703917C1F927C9500D29F8F /* cdf.c in Sources */,
				070391981F927C9500D29F8F /* softmagic.c in Sources */,
				070391821F927C9500D29F8F /* dprintf.c in Sources */,
				070391951F927C9500D29F8F /* readcdf.c in Sources */,
				0703917A1F927C9500D29F8F /* asprintf.c in Sources */,
				070391941F927C9500D29F8F /* print.c in Sources */,
				0703917E1F927C9500D29F8F /* compress.c in Sources */,
				0703918E1F927C9500D29F8F /* is_tar.c in Sources */,
			);
			runOnlyForDeploymentPostprocessing = 0;
		};
		070391AC1F928FA500D29F8F /* Sources */ = {
			isa = PBXSourcesBuildPhase;
			buildActionMask = 2147483647;
			files = (
				070391D41F9291BB00D29F8F /* fmtcheck.c in Sources */,
				070391E11F9291BB00D29F8F /* readcdf.c in Sources */,
				070391E71F9291BB00D29F8F /* vasprintf.c in Sources */,
				070391CE1F9291BB00D29F8F /* dprintf.c in Sources */,
				070391C41F9291BB00D29F8F /* ascmagic.c in Sources */,
				070391D01F9291BB00D29F8F /* encoding.c in Sources */,
				070391E21F9291BB00D29F8F /* readelf.c in Sources */,
				070391C21F9291BB00D29F8F /* apprentice.c in Sources */,
				070392131F92B29500D29F8F /* KSOFileMagicAttributes.m in Sources */,
				070391C31F9291BB00D29F8F /* apptype.c in Sources */,
				070391D21F9291BB00D29F8F /* file.c in Sources */,
				070391C51F9291BB00D29F8F /* asctime_r.c in Sources */,
				070391C61F9291BB00D29F8F /* asprintf.c in Sources */,
				070391E41F9291BB00D29F8F /* softmagic.c in Sources */,
				070391DC1F9291BB00D29F8F /* magic.c in Sources */,
				070391E51F9291BB00D29F8F /* strcasestr.c in Sources */,
				070391BF1F9291AE00D29F8F /* NSBundle+KSOFileMagicExtensionsPrivate.m in Sources */,
				070391DF1F9291BB00D29F8F /* pread.c in Sources */,
				070391CB1F9291BB00D29F8F /* ctime_r.c in Sources */,
				070391E01F9291BB00D29F8F /* print.c in Sources */,
				070391C81F9291BB00D29F8F /* cdf.c in Sources */,
				070391D81F9291BB00D29F8F /* getopt_long.c in Sources */,
				070391D91F9291BB00D29F8F /* gmtime_r.c in Sources */,
				070391D51F9291BB00D29F8F /* fsmagic.c in Sources */,
				070391C71F9291BB00D29F8F /* cdf_time.c in Sources */,
				070391CC1F9291BB00D29F8F /* der.c in Sources */,
				070391DA1F9291BB00D29F8F /* is_tar.c in Sources */,
				070391D61F9291BB00D29F8F /* funcs.c in Sources */,
				070391BD1F9291A600D29F8F /* KSOFileMagicManager.m in Sources */,
				070391D71F9291BB00D29F8F /* getline.c in Sources */,
				070391CA1F9291BB00D29F8F /* compress.c in Sources */,
				070391DB1F9291BB00D29F8F /* localtime_r.c in Sources */,
			);
			runOnlyForDeploymentPostprocessing = 0;
		};
		070391EA1F92950900D29F8F /* Sources */ = {
			isa = PBXSourcesBuildPhase;
			buildActionMask = 2147483647;
			files = (
				070391F51F92950A00D29F8F /* ViewController.m in Sources */,
				070391FD1F92950A00D29F8F /* main.m in Sources */,
				070391F21F92950A00D29F8F /* AppDelegate.m in Sources */,
			);
			runOnlyForDeploymentPostprocessing = 0;
		};
/* End PBXSourcesBuildPhase section */

/* Begin PBXTargetDependency section */
		070392051F92952000D29F8F /* PBXTargetDependency */ = {
			isa = PBXTargetDependency;
			target = 070391B01F928FA500D29F8F /* KSOFileMagic-macOS */;
			targetProxy = 070392041F92952000D29F8F /* PBXContainerItemProxy */;
		};
/* End PBXTargetDependency section */

/* Begin PBXVariantGroup section */
		070391F81F92950A00D29F8F /* Main.storyboard */ = {
			isa = PBXVariantGroup;
			children = (
				070391F91F92950A00D29F8F /* Base */,
			);
			name = Main.storyboard;
			sourceTree = "<group>";
		};
/* End PBXVariantGroup section */

/* Begin XCBuildConfiguration section */
		070390D81F9260FA00D29F8F /* Debug */ = {
			isa = XCBuildConfiguration;
			buildSettings = {
			};
			name = Debug;
		};
		070390D91F9260FA00D29F8F /* Release */ = {
			isa = XCBuildConfiguration;
			buildSettings = {
			};
			name = Release;
		};
		070390E51F92668B00D29F8F /* Debug */ = {
			isa = XCBuildConfiguration;
			buildSettings = {
				ALWAYS_SEARCH_USER_PATHS = NO;
				CLANG_ANALYZER_NONNULL = YES;
				CLANG_ANALYZER_NUMBER_OBJECT_CONVERSION = YES_AGGRESSIVE;
				CLANG_CXX_LANGUAGE_STANDARD = "gnu++14";
				CLANG_CXX_LIBRARY = "libc++";
				CLANG_ENABLE_MODULES = YES;
				CLANG_ENABLE_OBJC_ARC = YES;
				CLANG_WARN_BLOCK_CAPTURE_AUTORELEASING = YES;
				CLANG_WARN_BOOL_CONVERSION = YES;
				CLANG_WARN_COMMA = YES;
				CLANG_WARN_CONSTANT_CONVERSION = YES;
				CLANG_WARN_DIRECT_OBJC_ISA_USAGE = YES_ERROR;
				CLANG_WARN_DOCUMENTATION_COMMENTS = YES;
				CLANG_WARN_EMPTY_BODY = YES;
				CLANG_WARN_ENUM_CONVERSION = YES;
				CLANG_WARN_INFINITE_RECURSION = YES;
				CLANG_WARN_INT_CONVERSION = YES;
				CLANG_WARN_NON_LITERAL_NULL_CONVERSION = YES;
				CLANG_WARN_OBJC_LITERAL_CONVERSION = YES;
				CLANG_WARN_OBJC_ROOT_CLASS = YES_ERROR;
				CLANG_WARN_RANGE_LOOP_ANALYSIS = YES;
				CLANG_WARN_STRICT_PROTOTYPES = YES;
				CLANG_WARN_SUSPICIOUS_MOVE = YES;
				CLANG_WARN_UNGUARDED_AVAILABILITY = YES_AGGRESSIVE;
				CLANG_WARN_UNREACHABLE_CODE = YES;
				CLANG_WARN__DUPLICATE_METHOD_MATCH = YES;
				CODE_SIGN_IDENTITY = "iPhone Developer";
				CODE_SIGN_STYLE = Automatic;
				COPY_PHASE_STRIP = NO;
				CURRENT_PROJECT_VERSION = 1;
				DEBUG_INFORMATION_FORMAT = dwarf;
				DEFINES_MODULE = YES;
				DEVELOPMENT_TEAM = 74KPPW2K35;
				DYLIB_COMPATIBILITY_VERSION = 1;
				DYLIB_CURRENT_VERSION = 1;
				DYLIB_INSTALL_NAME_BASE = "@rpath";
				ENABLE_STRICT_OBJC_MSGSEND = YES;
				ENABLE_TESTABILITY = YES;
				GCC_C_LANGUAGE_STANDARD = gnu11;
				GCC_DYNAMIC_NO_PIC = NO;
				GCC_NO_COMMON_BLOCKS = YES;
				GCC_OPTIMIZATION_LEVEL = 0;
				GCC_PREPROCESSOR_DEFINITIONS = (
					"DEBUG=1",
					"HAVE_CONFIG_H=1",
					"$(inherited)",
				);
				GCC_WARN_64_TO_32_BIT_CONVERSION = YES;
				GCC_WARN_ABOUT_RETURN_TYPE = YES_ERROR;
				GCC_WARN_UNDECLARED_SELECTOR = YES;
				GCC_WARN_UNINITIALIZED_AUTOS = YES_AGGRESSIVE;
				GCC_WARN_UNUSED_FUNCTION = YES;
				GCC_WARN_UNUSED_VARIABLE = YES;
				INFOPLIST_FILE = "$(SRCROOT)/KSOFileMagic/KSOFileMagic-iOS-Info.plist";
				INFOPLIST_PREFIX_HEADER = "$(SRCROOT)/KSOFileMagic/KSOFileMagic-Info.h";
				INFOPLIST_PREPROCESS = YES;
				INSTALL_PATH = "$(LOCAL_LIBRARY_DIR)/Frameworks";
				IPHONEOS_DEPLOYMENT_TARGET = 10.0;
				LD_RUNPATH_SEARCH_PATHS = "$(inherited) @executable_path/Frameworks @loader_path/Frameworks";
				MTL_ENABLE_DEBUG_INFO = YES;
				ONLY_ACTIVE_ARCH = YES;
				PRODUCT_BUNDLE_IDENTIFIER = com.kosoku.ksofilemagic;
				PRODUCT_NAME = KSOFileMagic;
				SDKROOT = iphoneos;
				SKIP_INSTALL = YES;
				TARGETED_DEVICE_FAMILY = "1,2";
				VERSIONING_SYSTEM = "apple-generic";
				VERSION_INFO_PREFIX = "";
			};
			name = Debug;
		};
		070390E61F92668B00D29F8F /* Release */ = {
			isa = XCBuildConfiguration;
			buildSettings = {
				ALWAYS_SEARCH_USER_PATHS = NO;
				CLANG_ANALYZER_NONNULL = YES;
				CLANG_ANALYZER_NUMBER_OBJECT_CONVERSION = YES_AGGRESSIVE;
				CLANG_CXX_LANGUAGE_STANDARD = "gnu++14";
				CLANG_CXX_LIBRARY = "libc++";
				CLANG_ENABLE_MODULES = YES;
				CLANG_ENABLE_OBJC_ARC = YES;
				CLANG_WARN_BLOCK_CAPTURE_AUTORELEASING = YES;
				CLANG_WARN_BOOL_CONVERSION = YES;
				CLANG_WARN_COMMA = YES;
				CLANG_WARN_CONSTANT_CONVERSION = YES;
				CLANG_WARN_DIRECT_OBJC_ISA_USAGE = YES_ERROR;
				CLANG_WARN_DOCUMENTATION_COMMENTS = YES;
				CLANG_WARN_EMPTY_BODY = YES;
				CLANG_WARN_ENUM_CONVERSION = YES;
				CLANG_WARN_INFINITE_RECURSION = YES;
				CLANG_WARN_INT_CONVERSION = YES;
				CLANG_WARN_NON_LITERAL_NULL_CONVERSION = YES;
				CLANG_WARN_OBJC_LITERAL_CONVERSION = YES;
				CLANG_WARN_OBJC_ROOT_CLASS = YES_ERROR;
				CLANG_WARN_RANGE_LOOP_ANALYSIS = YES;
				CLANG_WARN_STRICT_PROTOTYPES = YES;
				CLANG_WARN_SUSPICIOUS_MOVE = YES;
				CLANG_WARN_UNGUARDED_AVAILABILITY = YES_AGGRESSIVE;
				CLANG_WARN_UNREACHABLE_CODE = YES;
				CLANG_WARN__DUPLICATE_METHOD_MATCH = YES;
				CODE_SIGN_IDENTITY = "iPhone Developer";
				CODE_SIGN_STYLE = Automatic;
				COPY_PHASE_STRIP = NO;
				CURRENT_PROJECT_VERSION = 1;
				DEBUG_INFORMATION_FORMAT = "dwarf-with-dsym";
				DEFINES_MODULE = YES;
				DEVELOPMENT_TEAM = 74KPPW2K35;
				DYLIB_COMPATIBILITY_VERSION = 1;
				DYLIB_CURRENT_VERSION = 1;
				DYLIB_INSTALL_NAME_BASE = "@rpath";
				ENABLE_NS_ASSERTIONS = NO;
				ENABLE_STRICT_OBJC_MSGSEND = YES;
				GCC_C_LANGUAGE_STANDARD = gnu11;
				GCC_NO_COMMON_BLOCKS = YES;
				GCC_PREPROCESSOR_DEFINITIONS = "HAVE_CONFIG_H=1";
				GCC_WARN_64_TO_32_BIT_CONVERSION = YES;
				GCC_WARN_ABOUT_RETURN_TYPE = YES_ERROR;
				GCC_WARN_UNDECLARED_SELECTOR = YES;
				GCC_WARN_UNINITIALIZED_AUTOS = YES_AGGRESSIVE;
				GCC_WARN_UNUSED_FUNCTION = YES;
				GCC_WARN_UNUSED_VARIABLE = YES;
				INFOPLIST_FILE = "$(SRCROOT)/KSOFileMagic/KSOFileMagic-iOS-Info.plist";
				INFOPLIST_PREFIX_HEADER = "$(SRCROOT)/KSOFileMagic/KSOFileMagic-Info.h";
				INFOPLIST_PREPROCESS = YES;
				INSTALL_PATH = "$(LOCAL_LIBRARY_DIR)/Frameworks";
				IPHONEOS_DEPLOYMENT_TARGET = 10.0;
				LD_RUNPATH_SEARCH_PATHS = "$(inherited) @executable_path/Frameworks @loader_path/Frameworks";
				MTL_ENABLE_DEBUG_INFO = NO;
				PRODUCT_BUNDLE_IDENTIFIER = com.kosoku.ksofilemagic;
				PRODUCT_NAME = KSOFileMagic;
				SDKROOT = iphoneos;
				SKIP_INSTALL = YES;
				TARGETED_DEVICE_FAMILY = "1,2";
				VALIDATE_PRODUCT = YES;
				VERSIONING_SYSTEM = "apple-generic";
				VERSION_INFO_PREFIX = "";
			};
			name = Release;
		};
		070391B71F928FA500D29F8F /* Debug */ = {
			isa = XCBuildConfiguration;
			buildSettings = {
				ALWAYS_SEARCH_USER_PATHS = NO;
				CLANG_ANALYZER_NONNULL = YES;
				CLANG_ANALYZER_NUMBER_OBJECT_CONVERSION = YES_AGGRESSIVE;
				CLANG_CXX_LANGUAGE_STANDARD = "gnu++14";
				CLANG_CXX_LIBRARY = "libc++";
				CLANG_ENABLE_MODULES = YES;
				CLANG_ENABLE_OBJC_ARC = YES;
				CLANG_WARN_BLOCK_CAPTURE_AUTORELEASING = YES;
				CLANG_WARN_BOOL_CONVERSION = YES;
				CLANG_WARN_COMMA = YES;
				CLANG_WARN_CONSTANT_CONVERSION = YES;
				CLANG_WARN_DIRECT_OBJC_ISA_USAGE = YES_ERROR;
				CLANG_WARN_DOCUMENTATION_COMMENTS = YES;
				CLANG_WARN_EMPTY_BODY = YES;
				CLANG_WARN_ENUM_CONVERSION = YES;
				CLANG_WARN_INFINITE_RECURSION = YES;
				CLANG_WARN_INT_CONVERSION = YES;
				CLANG_WARN_NON_LITERAL_NULL_CONVERSION = YES;
				CLANG_WARN_OBJC_LITERAL_CONVERSION = YES;
				CLANG_WARN_OBJC_ROOT_CLASS = YES_ERROR;
				CLANG_WARN_RANGE_LOOP_ANALYSIS = YES;
				CLANG_WARN_STRICT_PROTOTYPES = YES;
				CLANG_WARN_SUSPICIOUS_MOVE = YES;
				CLANG_WARN_UNGUARDED_AVAILABILITY = YES_AGGRESSIVE;
				CLANG_WARN_UNREACHABLE_CODE = YES;
				CLANG_WARN__DUPLICATE_METHOD_MATCH = YES;
				CODE_SIGN_IDENTITY = "Mac Developer";
				CODE_SIGN_STYLE = Automatic;
				COMBINE_HIDPI_IMAGES = YES;
				COPY_PHASE_STRIP = NO;
				CURRENT_PROJECT_VERSION = 1;
				DEBUG_INFORMATION_FORMAT = dwarf;
				DEFINES_MODULE = YES;
				DEVELOPMENT_TEAM = 74KPPW2K35;
				DYLIB_COMPATIBILITY_VERSION = 1;
				DYLIB_CURRENT_VERSION = 1;
				DYLIB_INSTALL_NAME_BASE = "@rpath";
				ENABLE_STRICT_OBJC_MSGSEND = YES;
				ENABLE_TESTABILITY = YES;
				FRAMEWORK_VERSION = A;
				GCC_C_LANGUAGE_STANDARD = gnu11;
				GCC_DYNAMIC_NO_PIC = NO;
				GCC_NO_COMMON_BLOCKS = YES;
				GCC_OPTIMIZATION_LEVEL = 0;
				GCC_PREPROCESSOR_DEFINITIONS = (
					"DEBUG=1",
					"$(inherited)",
					"HAVE_CONFIG_H=1",
				);
				GCC_WARN_64_TO_32_BIT_CONVERSION = YES;
				GCC_WARN_ABOUT_RETURN_TYPE = YES_ERROR;
				GCC_WARN_UNDECLARED_SELECTOR = YES;
				GCC_WARN_UNINITIALIZED_AUTOS = YES_AGGRESSIVE;
				GCC_WARN_UNUSED_FUNCTION = YES;
				GCC_WARN_UNUSED_VARIABLE = YES;
				INFOPLIST_FILE = "$(SRCROOT)/KSOFileMagic/KSOFileMagic-macOS-Info.plist";
				INFOPLIST_PREFIX_HEADER = "$(SRCROOT)/KSOFileMagic/KSOFileMagic-Info.h";
				INFOPLIST_PREPROCESS = YES;
				INSTALL_PATH = "$(LOCAL_LIBRARY_DIR)/Frameworks";
				LD_RUNPATH_SEARCH_PATHS = "$(inherited) @executable_path/../Frameworks @loader_path/Frameworks";
				MACOSX_DEPLOYMENT_TARGET = 10.12;
				MTL_ENABLE_DEBUG_INFO = YES;
				ONLY_ACTIVE_ARCH = YES;
				PRODUCT_BUNDLE_IDENTIFIER = com.kosoku.ksofilemagic;
				PRODUCT_NAME = KSOFileMagic;
				SDKROOT = macosx;
				SKIP_INSTALL = YES;
				VERSIONING_SYSTEM = "apple-generic";
				VERSION_INFO_PREFIX = "";
			};
			name = Debug;
		};
		070391B81F928FA500D29F8F /* Release */ = {
			isa = XCBuildConfiguration;
			buildSettings = {
				ALWAYS_SEARCH_USER_PATHS = NO;
				CLANG_ANALYZER_NONNULL = YES;
				CLANG_ANALYZER_NUMBER_OBJECT_CONVERSION = YES_AGGRESSIVE;
				CLANG_CXX_LANGUAGE_STANDARD = "gnu++14";
				CLANG_CXX_LIBRARY = "libc++";
				CLANG_ENABLE_MODULES = YES;
				CLANG_ENABLE_OBJC_ARC = YES;
				CLANG_WARN_BLOCK_CAPTURE_AUTORELEASING = YES;
				CLANG_WARN_BOOL_CONVERSION = YES;
				CLANG_WARN_COMMA = YES;
				CLANG_WARN_CONSTANT_CONVERSION = YES;
				CLANG_WARN_DIRECT_OBJC_ISA_USAGE = YES_ERROR;
				CLANG_WARN_DOCUMENTATION_COMMENTS = YES;
				CLANG_WARN_EMPTY_BODY = YES;
				CLANG_WARN_ENUM_CONVERSION = YES;
				CLANG_WARN_INFINITE_RECURSION = YES;
				CLANG_WARN_INT_CONVERSION = YES;
				CLANG_WARN_NON_LITERAL_NULL_CONVERSION = YES;
				CLANG_WARN_OBJC_LITERAL_CONVERSION = YES;
				CLANG_WARN_OBJC_ROOT_CLASS = YES_ERROR;
				CLANG_WARN_RANGE_LOOP_ANALYSIS = YES;
				CLANG_WARN_STRICT_PROTOTYPES = YES;
				CLANG_WARN_SUSPICIOUS_MOVE = YES;
				CLANG_WARN_UNGUARDED_AVAILABILITY = YES_AGGRESSIVE;
				CLANG_WARN_UNREACHABLE_CODE = YES;
				CLANG_WARN__DUPLICATE_METHOD_MATCH = YES;
				CODE_SIGN_IDENTITY = "Mac Developer";
				CODE_SIGN_STYLE = Automatic;
				COMBINE_HIDPI_IMAGES = YES;
				COPY_PHASE_STRIP = NO;
				CURRENT_PROJECT_VERSION = 1;
				DEBUG_INFORMATION_FORMAT = "dwarf-with-dsym";
				DEFINES_MODULE = YES;
				DEVELOPMENT_TEAM = 74KPPW2K35;
				DYLIB_COMPATIBILITY_VERSION = 1;
				DYLIB_CURRENT_VERSION = 1;
				DYLIB_INSTALL_NAME_BASE = "@rpath";
				ENABLE_NS_ASSERTIONS = NO;
				ENABLE_STRICT_OBJC_MSGSEND = YES;
				FRAMEWORK_VERSION = A;
				GCC_C_LANGUAGE_STANDARD = gnu11;
				GCC_NO_COMMON_BLOCKS = YES;
				GCC_PREPROCESSOR_DEFINITIONS = "HAVE_CONFIG_H=1";
				GCC_WARN_64_TO_32_BIT_CONVERSION = YES;
				GCC_WARN_ABOUT_RETURN_TYPE = YES_ERROR;
				GCC_WARN_UNDECLARED_SELECTOR = YES;
				GCC_WARN_UNINITIALIZED_AUTOS = YES_AGGRESSIVE;
				GCC_WARN_UNUSED_FUNCTION = YES;
				GCC_WARN_UNUSED_VARIABLE = YES;
				INFOPLIST_FILE = "$(SRCROOT)/KSOFileMagic/KSOFileMagic-macOS-Info.plist";
				INFOPLIST_PREFIX_HEADER = "$(SRCROOT)/KSOFileMagic/KSOFileMagic-Info.h";
				INFOPLIST_PREPROCESS = YES;
				INSTALL_PATH = "$(LOCAL_LIBRARY_DIR)/Frameworks";
				LD_RUNPATH_SEARCH_PATHS = "$(inherited) @executable_path/../Frameworks @loader_path/Frameworks";
				MACOSX_DEPLOYMENT_TARGET = 10.12;
				MTL_ENABLE_DEBUG_INFO = NO;
				PRODUCT_BUNDLE_IDENTIFIER = com.kosoku.ksofilemagic;
				PRODUCT_NAME = KSOFileMagic;
				SDKROOT = macosx;
				SKIP_INSTALL = YES;
				VERSIONING_SYSTEM = "apple-generic";
				VERSION_INFO_PREFIX = "";
			};
			name = Release;
		};
		070392001F92950A00D29F8F /* Debug */ = {
			isa = XCBuildConfiguration;
			buildSettings = {
				ALWAYS_SEARCH_USER_PATHS = NO;
				ASSETCATALOG_COMPILER_APPICON_NAME = AppIcon;
				CLANG_ANALYZER_NONNULL = YES;
				CLANG_ANALYZER_NUMBER_OBJECT_CONVERSION = YES_AGGRESSIVE;
				CLANG_CXX_LANGUAGE_STANDARD = "gnu++14";
				CLANG_CXX_LIBRARY = "libc++";
				CLANG_ENABLE_MODULES = YES;
				CLANG_ENABLE_OBJC_ARC = YES;
				CLANG_WARN_BLOCK_CAPTURE_AUTORELEASING = YES;
				CLANG_WARN_BOOL_CONVERSION = YES;
				CLANG_WARN_COMMA = YES;
				CLANG_WARN_CONSTANT_CONVERSION = YES;
				CLANG_WARN_DIRECT_OBJC_ISA_USAGE = YES_ERROR;
				CLANG_WARN_DOCUMENTATION_COMMENTS = YES;
				CLANG_WARN_EMPTY_BODY = YES;
				CLANG_WARN_ENUM_CONVERSION = YES;
				CLANG_WARN_INFINITE_RECURSION = YES;
				CLANG_WARN_INT_CONVERSION = YES;
				CLANG_WARN_NON_LITERAL_NULL_CONVERSION = YES;
				CLANG_WARN_OBJC_LITERAL_CONVERSION = YES;
				CLANG_WARN_OBJC_ROOT_CLASS = YES_ERROR;
				CLANG_WARN_RANGE_LOOP_ANALYSIS = YES;
				CLANG_WARN_STRICT_PROTOTYPES = YES;
				CLANG_WARN_SUSPICIOUS_MOVE = YES;
				CLANG_WARN_UNGUARDED_AVAILABILITY = YES_AGGRESSIVE;
				CLANG_WARN_UNREACHABLE_CODE = YES;
				CLANG_WARN__DUPLICATE_METHOD_MATCH = YES;
				CODE_SIGN_ENTITLEMENTS = "Demo-macOS/Demo_macOS.entitlements";
				CODE_SIGN_IDENTITY = "Mac Developer";
				CODE_SIGN_STYLE = Automatic;
				COMBINE_HIDPI_IMAGES = YES;
				COPY_PHASE_STRIP = NO;
				DEBUG_INFORMATION_FORMAT = dwarf;
				DEVELOPMENT_TEAM = 74KPPW2K35;
				ENABLE_STRICT_OBJC_MSGSEND = YES;
				ENABLE_TESTABILITY = YES;
				GCC_C_LANGUAGE_STANDARD = gnu11;
				GCC_DYNAMIC_NO_PIC = NO;
				GCC_NO_COMMON_BLOCKS = YES;
				GCC_OPTIMIZATION_LEVEL = 0;
				GCC_PREPROCESSOR_DEFINITIONS = (
					"DEBUG=1",
					"$(inherited)",
				);
				GCC_WARN_64_TO_32_BIT_CONVERSION = YES;
				GCC_WARN_ABOUT_RETURN_TYPE = YES_ERROR;
				GCC_WARN_UNDECLARED_SELECTOR = YES;
				GCC_WARN_UNINITIALIZED_AUTOS = YES_AGGRESSIVE;
				GCC_WARN_UNUSED_FUNCTION = YES;
				GCC_WARN_UNUSED_VARIABLE = YES;
				INFOPLIST_FILE = "Demo-macOS/Info.plist";
				LD_RUNPATH_SEARCH_PATHS = "$(inherited) @executable_path/../Frameworks";
				MACOSX_DEPLOYMENT_TARGET = 10.12;
				MTL_ENABLE_DEBUG_INFO = YES;
				ONLY_ACTIVE_ARCH = YES;
				PRODUCT_BUNDLE_IDENTIFIER = "com.kosoku.KSOFileMagic.Demo-macOS";
				PRODUCT_NAME = "$(TARGET_NAME)";
				SDKROOT = macosx;
			};
			name = Debug;
		};
		070392011F92950A00D29F8F /* Release */ = {
			isa = XCBuildConfiguration;
			buildSettings = {
				ALWAYS_SEARCH_USER_PATHS = NO;
				ASSETCATALOG_COMPILER_APPICON_NAME = AppIcon;
				CLANG_ANALYZER_NONNULL = YES;
				CLANG_ANALYZER_NUMBER_OBJECT_CONVERSION = YES_AGGRESSIVE;
				CLANG_CXX_LANGUAGE_STANDARD = "gnu++14";
				CLANG_CXX_LIBRARY = "libc++";
				CLANG_ENABLE_MODULES = YES;
				CLANG_ENABLE_OBJC_ARC = YES;
				CLANG_WARN_BLOCK_CAPTURE_AUTORELEASING = YES;
				CLANG_WARN_BOOL_CONVERSION = YES;
				CLANG_WARN_COMMA = YES;
				CLANG_WARN_CONSTANT_CONVERSION = YES;
				CLANG_WARN_DIRECT_OBJC_ISA_USAGE = YES_ERROR;
				CLANG_WARN_DOCUMENTATION_COMMENTS = YES;
				CLANG_WARN_EMPTY_BODY = YES;
				CLANG_WARN_ENUM_CONVERSION = YES;
				CLANG_WARN_INFINITE_RECURSION = YES;
				CLANG_WARN_INT_CONVERSION = YES;
				CLANG_WARN_NON_LITERAL_NULL_CONVERSION = YES;
				CLANG_WARN_OBJC_LITERAL_CONVERSION = YES;
				CLANG_WARN_OBJC_ROOT_CLASS = YES_ERROR;
				CLANG_WARN_RANGE_LOOP_ANALYSIS = YES;
				CLANG_WARN_STRICT_PROTOTYPES = YES;
				CLANG_WARN_SUSPICIOUS_MOVE = YES;
				CLANG_WARN_UNGUARDED_AVAILABILITY = YES_AGGRESSIVE;
				CLANG_WARN_UNREACHABLE_CODE = YES;
				CLANG_WARN__DUPLICATE_METHOD_MATCH = YES;
				CODE_SIGN_ENTITLEMENTS = "Demo-macOS/Demo_macOS.entitlements";
				CODE_SIGN_IDENTITY = "Mac Developer";
				CODE_SIGN_STYLE = Automatic;
				COMBINE_HIDPI_IMAGES = YES;
				COPY_PHASE_STRIP = NO;
				DEBUG_INFORMATION_FORMAT = "dwarf-with-dsym";
				DEVELOPMENT_TEAM = 74KPPW2K35;
				ENABLE_NS_ASSERTIONS = NO;
				ENABLE_STRICT_OBJC_MSGSEND = YES;
				GCC_C_LANGUAGE_STANDARD = gnu11;
				GCC_NO_COMMON_BLOCKS = YES;
				GCC_WARN_64_TO_32_BIT_CONVERSION = YES;
				GCC_WARN_ABOUT_RETURN_TYPE = YES_ERROR;
				GCC_WARN_UNDECLARED_SELECTOR = YES;
				GCC_WARN_UNINITIALIZED_AUTOS = YES_AGGRESSIVE;
				GCC_WARN_UNUSED_FUNCTION = YES;
				GCC_WARN_UNUSED_VARIABLE = YES;
				INFOPLIST_FILE = "Demo-macOS/Info.plist";
				LD_RUNPATH_SEARCH_PATHS = "$(inherited) @executable_path/../Frameworks";
				MACOSX_DEPLOYMENT_TARGET = 10.12;
				MTL_ENABLE_DEBUG_INFO = NO;
				PRODUCT_BUNDLE_IDENTIFIER = "com.kosoku.KSOFileMagic.Demo-macOS";
				PRODUCT_NAME = "$(TARGET_NAME)";
				SDKROOT = macosx;
			};
			name = Release;
		};
/* End XCBuildConfiguration section */

/* Begin XCConfigurationList section */
		070390D71F9260FA00D29F8F /* Build configuration list for PBXProject "KSOFileMagic" */ = {
			isa = XCConfigurationList;
			buildConfigurations = (
				070390D81F9260FA00D29F8F /* Debug */,
				070390D91F9260FA00D29F8F /* Release */,
			);
			defaultConfigurationIsVisible = 0;
			defaultConfigurationName = Release;
		};
		070390E71F92668B00D29F8F /* Build configuration list for PBXNativeTarget "KSOFileMagic-iOS" */ = {
			isa = XCConfigurationList;
			buildConfigurations = (
				070390E51F92668B00D29F8F /* Debug */,
				070390E61F92668B00D29F8F /* Release */,
			);
			defaultConfigurationIsVisible = 0;
			defaultConfigurationName = Release;
		};
		070391B61F928FA500D29F8F /* Build configuration list for PBXNativeTarget "KSOFileMagic-macOS" */ = {
			isa = XCConfigurationList;
			buildConfigurations = (
				070391B71F928FA500D29F8F /* Debug */,
				070391B81F928FA500D29F8F /* Release */,
			);
			defaultConfigurationIsVisible = 0;
			defaultConfigurationName = Release;
		};
		070391FF1F92950A00D29F8F /* Build configuration list for PBXNativeTarget "Demo-macOS" */ = {
			isa = XCConfigurationList;
			buildConfigurations = (
				070392001F92950A00D29F8F /* Debug */,
				070392011F92950A00D29F8F /* Release */,
			);
			defaultConfigurationIsVisible = 0;
			defaultConfigurationName = Release;
		};
/* End XCConfigurationList section */
	};
	rootObject = 070390D41F9260FA00D29F8F /* Project object */;
}
